{
  "version": 4,
  "terraform_version": "1.6.3",
  "serial": 17,
  "lineage": "65b90895-8de0-d0c7-5ae2-adede2a5316b",
  "outputs": {},
  "resources": [
    {
      "mode": "managed",
      "type": "google_cloud_run_service_iam_member",
      "name": "member",
      "provider": "provider[\"registry.terraform.io/hashicorp/google\"]",
      "instances": [
        {
          "schema_version": 0,
          "attributes": {
            "condition": [],
            "etag": "BwYMXylYVZA=",
            "id": "v1/projects/employee-management-403415/locations/us-central1/services/dev-usc1-dispatch-post-employee/roles/run.invoker/allUsers",
            "location": "us-central1",
            "member": "allUsers",
            "project": "employee-management-403415",
            "role": "roles/run.invoker",
            "service": "v1/projects/employee-management-403415/locations/us-central1/services/dev-usc1-dispatch-post-employee"
          },
          "sensitive_attributes": [],
          "private": "bnVsbA==",
          "dependencies": [
            "google_cloudfunctions2_function.default",
            "google_storage_bucket.bucket",
            "google_storage_bucket_object.archive"
          ]
        }
      ]
    },
    {
      "mode": "managed",
      "type": "google_cloudfunctions2_function",
      "name": "default",
      "provider": "provider[\"registry.terraform.io/hashicorp/google\"]",
      "instances": [
        {
          "schema_version": 0,
          "attributes": {
            "build_config": [
              {
                "build": "projects/531234273644/locations/us-central1/builds/115c3592-d196-4517-8fdc-b230b579c6fe",
                "docker_repository": "",
                "entry_point": "AddEmployee",
                "environment_variables": {},
                "runtime": "go121",
                "source": [
                  {
                    "repo_source": [],
                    "storage_source": [
                      {
                        "bucket": "terraform-create-emp",
                        "generation": 551035464,
                        "object": "index.zip"
                      }
                    ]
                  }
                ],
                "worker_pool": ""
              }
            ],
            "description": "Function To Add Employee Details",
            "effective_labels": {},
            "environment": "GEN_2",
            "event_trigger": [],
            "id": "projects/employee-management-403415/locations/us-central1/functions/dev-usc1-dispatch-post-employee",
            "kms_key_name": "",
            "labels": null,
            "location": "us-central1",
            "name": "dev-usc1-dispatch-post-employee",
            "project": "employee-management-403415",
            "service_config": [
              {
                "all_traffic_on_latest_revision": true,
                "available_cpu": "0.1666",
                "available_memory": "256M",
                "environment_variables": null,
                "gcf_uri": "",
                "ingress_settings": "ALLOW_ALL",
                "max_instance_count": 10,
                "max_instance_request_concurrency": 1,
                "min_instance_count": 1,
                "secret_environment_variables": [],
                "secret_volumes": [],
                "service": "projects/employee-management-403415/locations/us-central1/services/dev-usc1-dispatch-post-employee",
                "service_account_email": "531234273644-compute@developer.gserviceaccount.com",
                "timeout_seconds": 60,
                "uri": "https://dev-usc1-dispatch-post-employee-mapv2sqhoa-uc.a.run.app",
                "vpc_connector": "",
                "vpc_connector_egress_settings": ""
              }
            ],
            "state": "ACTIVE",
            "terraform_labels": {},
            "timeouts": null,
            "update_time": "2023-12-13T07:31:40.221292415Z",
            "url": "https://us-central1-employee-management-403415.cloudfunctions.net/dev-usc1-dispatch-post-employee"
          },
          "sensitive_attributes": [],
          "private": "eyJlMmJmYjczMC1lY2FhLTExZTYtOGY4OC0zNDM2M2JjN2M0YzAiOnsiY3JlYXRlIjozNjAwMDAwMDAwMDAwLCJkZWxldGUiOjM2MDAwMDAwMDAwMDAsInVwZGF0ZSI6MzYwMDAwMDAwMDAwMH19",
          "dependencies": [
            "google_storage_bucket.bucket",
            "google_storage_bucket_object.archive"
          ]
        }
      ]
    },
    {
      "mode": "managed",
      "type": "google_storage_bucket",
      "name": "bucket",
      "provider": "provider[\"registry.terraform.io/hashicorp/google\"]",
      "instances": [
        {
          "schema_version": 1,
          "attributes": {
            "autoclass": [],
            "cors": [],
            "custom_placement_config": [],
            "default_event_based_hold": false,
            "effective_labels": {},
            "enable_object_retention": false,
            "encryption": [],
            "force_destroy": false,
            "id": "terraform-create-emp",
            "labels": {},
            "lifecycle_rule": [],
            "location": "US",
            "logging": [],
            "name": "terraform-create-emp",
            "project": "employee-management-403415",
            "public_access_prevention": "inherited",
            "requester_pays": false,
            "retention_policy": [],
            "self_link": "https://www.googleapis.com/storage/v1/b/terraform-create-emp",
            "storage_class": "STANDARD",
            "terraform_labels": {},
            "timeouts": null,
            "uniform_bucket_level_access": false,
            "url": "gs://terraform-create-emp",
            "versioning": [],
            "website": []
          },
          "sensitive_attributes": [],
          "private": "eyJlMmJmYjczMC1lY2FhLTExZTYtOGY4OC0zNDM2M2JjN2M0YzAiOnsiY3JlYXRlIjo2MDAwMDAwMDAwMDAsInJlYWQiOjI0MDAwMDAwMDAwMCwidXBkYXRlIjoyNDAwMDAwMDAwMDB9LCJzY2hlbWFfdmVyc2lvbiI6IjEifQ=="
        }
      ]
    },
    {
      "mode": "managed",
      "type": "google_storage_bucket_object",
      "name": "archive",
      "provider": "provider[\"registry.terraform.io/hashicorp/google\"]",
      "instances": [
        {
          "schema_version": 0,
          "attributes": {
            "bucket": "terraform-create-emp",
            "cache_control": "",
            "content": null,
            "content_disposition": "",
            "content_encoding": "",
            "content_language": "",
            "content_type": "application/zip",
            "crc32c": "sqmqfw==",
            "customer_encryption": [],
            "detect_md5hash": "f6yBOlgt2bIVJvL37RaDqA==",
            "event_based_hold": false,
            "id": "terraform-create-emp-index.zip",
            "kms_key_name": "",
            "md5hash": "f6yBOlgt2bIVJvL37RaDqA==",
            "media_link": "https://storage.googleapis.com/download/storage/v1/b/terraform-create-emp/o/index.zip?generation=1699613771956917\u0026alt=media",
            "metadata": {},
            "name": "index.zip",
            "output_name": "index.zip",
            "retention": [],
            "self_link": "https://www.googleapis.com/storage/v1/b/terraform-create-emp/o/index.zip",
            "source": "function.zip",
            "storage_class": "STANDARD",
            "temporary_hold": false,
            "timeouts": null
          },
          "sensitive_attributes": [],
          "private": "eyJlMmJmYjczMC1lY2FhLTExZTYtOGY4OC0zNDM2M2JjN2M0YzAiOnsiY3JlYXRlIjoyNDAwMDAwMDAwMDAsImRlbGV0ZSI6MjQwMDAwMDAwMDAwLCJ1cGRhdGUiOjI0MDAwMDAwMDAwMH19",
          "dependencies": [
            "google_storage_bucket.bucket"
          ]
        }
      ]
    }
  ],
  "check_results": null
}
